
Microsoft Visual Studio Solution File, Format Version 12.00
# Visual Studio 15
VisualStudioVersion = 15.0.26228.4
MinimumVisualStudioVersion = 10.0.40219.1
Project("{9A19103F-16F7-4668-BE54-9A1E7A4F7556}") = "ArabicTutorials.Commands", "ArabicTutorials.Commands\ArabicTutorials.Commands.csproj", "{B447D9DF-2101-4667-AB37-08F1071DA2F7}"
EndProject
Project("{FAE04EC0-301F-11D3-BF4B-00C04F79EFBC}") = "ArabicTutorials.Data", "ArabicTutorials.Data\ArabicTutorials.Data.csproj", "{4EFD3455-38A3-4856-B6C0-8A0CC4E1A3EE}"
EndProject
Project("{9A19103F-16F7-4668-BE54-9A1E7A4F7556}") = "ArabicTutorials.Queries", "ArabicTutorials.Queries\ArabicTutorials.Queries.csproj", "{DCFEE3B5-9741-49BA-B680-B51C88B5CC13}"
EndProject
Project("{FAE04EC0-301F-11D3-BF4B-00C04F79EFBC}") = "ArabicTutorials.Common", "ArabicTutorials.Common\ArabicTutorials.Common.csproj", "{0BD205A5-5A29-49B4-B240-A50AEBBD0825}"
EndProject
Project("{2150E333-8FDC-42A3-9474-1A3956D46DE8}") = "Tests", "Tests", "{1F9793EC-6454-4A2D-B97C-2C03689DF64E}"
EndProject
Project("{2150E333-8FDC-42A3-9474-1A3956D46DE8}") = "UnitTests", "UnitTests", "{E8908C89-C407-4759-860D-E6BCF600F21D}"
EndProject
Project("{FAE04EC0-301F-11D3-BF4B-00C04F79EFBC}") = "ArabicTutorials.Queries.UnitTests", "ArabicTutorials.Queries.UnitTests\ArabicTutorials.Queries.UnitTests.csproj", "{A18F0DEE-3114-4CC7-84A0-B6163CDA66AD}"
EndProject
Global
	GlobalSection(SolutionConfigurationPlatforms) = preSolution
		Debug|Any CPU = Debug|Any CPU
		Release|Any CPU = Release|Any CPU
	EndGlobalSection
	GlobalSection(ProjectConfigurationPlatforms) = postSolution
		{B447D9DF-2101-4667-AB37-08F1071DA2F7}.Debug|Any CPU.ActiveCfg = Debug|Any CPU
		{B447D9DF-2101-4667-AB37-08F1071DA2F7}.Debug|Any CPU.Build.0 = Debug|Any CPU
		{B447D9DF-2101-4667-AB37-08F1071DA2F7}.Release|Any CPU.ActiveCfg = Release|Any CPU
		{B447D9DF-2101-4667-AB37-08F1071DA2F7}.Release|Any CPU.Build.0 = Release|Any CPU
		{4EFD3455-38A3-4856-B6C0-8A0CC4E1A3EE}.Debug|Any CPU.ActiveCfg = Debug|Any CPU
		{4EFD3455-38A3-4856-B6C0-8A0CC4E1A3EE}.Debug|Any CPU.Build.0 = Debug|Any CPU
		{4EFD3455-38A3-4856-B6C0-8A0CC4E1A3EE}.Release|Any CPU.ActiveCfg = Release|Any CPU
		{4EFD3455-38A3-4856-B6C0-8A0CC4E1A3EE}.Release|Any CPU.Build.0 = Release|Any CPU
		{DCFEE3B5-9741-49BA-B680-B51C88B5CC13}.Debug|Any CPU.ActiveCfg = Debug|Any CPU
		{DCFEE3B5-9741-49BA-B680-B51C88B5CC13}.Debug|Any CPU.Build.0 = Debug|Any CPU
		{DCFEE3B5-9741-49BA-B680-B51C88B5CC13}.Release|Any CPU.ActiveCfg = Release|Any CPU
		{DCFEE3B5-9741-49BA-B680-B51C88B5CC13}.Release|Any CPU.Build.0 = Release|Any CPU
		{0BD205A5-5A29-49B4-B240-A50AEBBD0825}.Debug|Any CPU.ActiveCfg = Debug|Any CPU
		{0BD205A5-5A29-49B4-B240-A50AEBBD0825}.Debug|Any CPU.Build.0 = Debug|Any CPU
		{0BD205A5-5A29-49B4-B240-A50AEBBD0825}.Release|Any CPU.ActiveCfg = Release|Any CPU
		{0BD205A5-5A29-49B4-B240-A50AEBBD0825}.Release|Any CPU.Build.0 = Release|Any CPU
		{A18F0DEE-3114-4CC7-84A0-B6163CDA66AD}.Debug|Any CPU.ActiveCfg = Debug|Any CPU
		{A18F0DEE-3114-4CC7-84A0-B6163CDA66AD}.Debug|Any CPU.Build.0 = Debug|Any CPU
		{A18F0DEE-3114-4CC7-84A0-B6163CDA66AD}.Release|Any CPU.ActiveCfg = Release|Any CPU
		{A18F0DEE-3114-4CC7-84A0-B6163CDA66AD}.Release|Any CPU.Build.0 = Release|Any CPU
	EndGlobalSection
	GlobalSection(SolutionProperties) = preSolution
		HideSolutionNode = FALSE
	EndGlobalSection
	GlobalSection(NestedProjects) = preSolution
		{E8908C89-C407-4759-860D-E6BCF600F21D} = {1F9793EC-6454-4A2D-B97C-2C03689DF64E}
		{A18F0DEE-3114-4CC7-84A0-B6163CDA66AD} = {E8908C89-C407-4759-860D-E6BCF600F21D}
	EndGlobalSection
EndGlobal
